PODS:
  - Build-V3-Plugin-Monitoring-ios (1.0.1):
    - FASDKBuild-ios (>= 3.9.5)
    - GROW (>= 1.2.4)
  - FASDKBuild-ios (3.9.5)
  - GROW (1.2.4)

DEPENDENCIES:
  - Build-V3-Plugin-Monitoring-ios (from `../`)
  - FASDKBuild-ios (= 3.9.5)
  - GROW (= 1.2.4)

SPEC REPOS:
  "git@github.com:bryjai/bryj-build-private-pods.git":
    - FASDKBuild-ios
    - GROW

EXTERNAL SOURCES:
  Build-V3-Plugin-Monitoring-ios:
    :path: "../"

SPEC CHECKSUMS:
  Build-V3-Plugin-Monitoring-ios: 87a8c2303c6c4d48b54ccffc742e0a49aa8444ff
  FASDKBuild-ios: 37a50db90860015acbfa46887916893884695eb1
  GROW: c13e6c0685cefb2e9b5f27e8a3638d27a49cf7c2

PODFILE CHECKSUM: d50c292e39451fffed5f130e2190462d87e248b0

COCOAPODS: 1.15.2
