PODS:
  - Build-V3-Plugin-Monitoring-ios (1.0.1):
    - FASDKBuild-ios (>= 3.9.5)
  - FASDKBuild-ios (3.9.5)

DEPENDENCIES:
  - Build-V3-Plugin-Monitoring-ios (from `../`)
  - FASDKBuild-ios (= 3.9.5)

SPEC REPOS:
  "git@github.com:bryjai/bryj-build-private-pods.git":
    - FASDKBuild-ios

EXTERNAL SOURCES:
  Build-V3-Plugin-Monitoring-ios:
    :path: "../"

SPEC CHECKSUMS:
  Build-V3-Plugin-Monitoring-ios: 4f85e74937ae80bfa558b5c53235175dce278ef4
  FASDKBuild-ios: 37a50db90860015acbfa46887916893884695eb1

PODFILE CHECKSUM: 836c6d833bd8cff39393899a1e46638c8cca40ce

COCOAPODS: 1.15.2
