PODS:
  - Build-V3-Plugin-Monitoring-ios (1.0.0):
    - FASDKBuild-ios (~> 3.9)
  - Build-V3-Plugin-Monitoring-ios/FirebasePerformance (1.0.0):
    - FASDKBuild-ios (~> 3.9)
    - FirebasePerformance
  - Build-V3-Plugin-Monitoring-ios/GROW (1.0.0):
    - FASDKBuild-ios (~> 3.9)
    - GROW
  - FASDKBuild-ios (3.9.1):
    - FASDKBuild-ios/FACore (= 3.9.1)
  - FASDKBuild-ios/FACore (3.9.1):
    - JSONSchema (= 0.5.0)
    - SwiftGen (~> 6.0)
  - FirebaseABTesting (10.11.0):
    - FirebaseCore (~> 10.0)
  - FirebaseCore (10.11.0):
    - FirebaseCoreInternal (~> 10.0)
    - GoogleUtilities/Environment (~> 7.8)
    - GoogleUtilities/Logger (~> 7.8)
  - FirebaseCoreExtension (10.11.0):
    - FirebaseCore (~> 10.0)
  - FirebaseCoreInternal (10.11.0):
    - "GoogleUtilities/NSData+zlib (~> 7.8)"
  - FirebaseInstallations (10.11.0):
    - FirebaseCore (~> 10.0)
    - GoogleUtilities/Environment (~> 7.8)
    - GoogleUtilities/UserDefaults (~> 7.8)
    - PromisesObjC (~> 2.1)
  - FirebasePerformance (10.11.0):
    - FirebaseCore (~> 10.5)
    - FirebaseInstallations (~> 10.0)
    - FirebaseRemoteConfig (~> 10.0)
    - FirebaseSessions (~> 10.5)
    - GoogleDataTransport (~> 9.2)
    - GoogleUtilities/Environment (~> 7.8)
    - GoogleUtilities/ISASwizzler (~> 7.8)
    - GoogleUtilities/MethodSwizzler (~> 7.8)
    - nanopb (< 2.30910.0, >= 2.30908.0)
  - FirebaseRemoteConfig (10.11.0):
    - FirebaseABTesting (~> 10.0)
    - FirebaseCore (~> 10.0)
    - FirebaseInstallations (~> 10.0)
    - GoogleUtilities/Environment (~> 7.8)
    - "GoogleUtilities/NSData+zlib (~> 7.8)"
  - FirebaseSessions (10.11.0):
    - FirebaseCore (~> 10.5)
    - FirebaseCoreExtension (~> 10.0)
    - FirebaseInstallations (~> 10.0)
    - GoogleDataTransport (~> 9.2)
    - GoogleUtilities/Environment (~> 7.10)
    - nanopb (< 2.30910.0, >= 2.30908.0)
    - PromisesSwift (~> 2.1)
  - GoogleDataTransport (9.2.3):
    - GoogleUtilities/Environment (~> 7.7)
    - nanopb (< 2.30910.0, >= 2.30908.0)
    - PromisesObjC (< 3.0, >= 1.2)
  - GoogleUtilities/Environment (7.11.1):
    - PromisesObjC (< 3.0, >= 1.2)
  - GoogleUtilities/ISASwizzler (7.11.1)
  - GoogleUtilities/Logger (7.11.1):
    - GoogleUtilities/Environment
  - GoogleUtilities/MethodSwizzler (7.11.1):
    - GoogleUtilities/Logger
  - "GoogleUtilities/NSData+zlib (7.11.1)"
  - GoogleUtilities/UserDefaults (7.11.1):
    - GoogleUtilities/Logger
  - GROW (1.0.4)
  - JSONSchema (0.5.0)
  - nanopb (2.30909.0):
    - nanopb/decode (= 2.30909.0)
    - nanopb/encode (= 2.30909.0)
  - nanopb/decode (2.30909.0)
  - nanopb/encode (2.30909.0)
  - PromisesObjC (2.2.0)
  - PromisesSwift (2.2.0):
    - PromisesObjC (= 2.2.0)
  - SwiftGen (6.6.2)

DEPENDENCIES:
  - Build-V3-Plugin-Monitoring-ios (from `../`)
  - Build-V3-Plugin-Monitoring-ios/FirebasePerformance (from `../`)
  - Build-V3-Plugin-Monitoring-ios/GROW (from `../`)

SPEC REPOS:
  "git@github.com:followanalytics/fa-build-private-pods.git":
    - FASDKBuild-ios
    - GROW
  https://github.com/CocoaPods/Specs.git:
    - FirebaseABTesting
    - FirebaseCore
    - FirebaseCoreExtension
    - FirebaseCoreInternal
    - FirebaseInstallations
    - FirebasePerformance
    - FirebaseRemoteConfig
    - FirebaseSessions
    - GoogleDataTransport
    - GoogleUtilities
    - JSONSchema
    - nanopb
    - PromisesObjC
    - PromisesSwift
    - SwiftGen

EXTERNAL SOURCES:
  Build-V3-Plugin-Monitoring-ios:
    :path: "../"

SPEC CHECKSUMS:
  Build-V3-Plugin-Monitoring-ios: 739e8e86b3b7b9a0a39dedca8fc02b0158a353d9
  FASDKBuild-ios: 9e3409e8b8b029f9ff6b7711ae0d3681cb4c6904
  FirebaseABTesting: 3f6b711718feb87346dc05f8c964601bc8fb2cf6
  FirebaseCore: 62fd4d549f5e3f3bd52b7998721c5fa0557fb355
  FirebaseCoreExtension: cacdad57fdb60e0b86dcbcac058ec78237946759
  FirebaseCoreInternal: 9e46c82a14a3b3a25be4e1e151ce6d21536b89c0
  FirebaseInstallations: 2a2c6859354cbec0a228a863d4daf6de7c74ced4
  FirebasePerformance: 2e9aa0fb103d6c08403d20d135bf06b3adfb3454
  FirebaseRemoteConfig: 5f907cd5cf6f64d026c8bfd196a1086cbe1e95e2
  FirebaseSessions: a62ba5c45284adb7714f4126cfbdb32b17c260bd
  GoogleDataTransport: f0308f5905a745f94fb91fea9c6cbaf3831cb1bd
  GoogleUtilities: 9aa0ad5a7bc171f8bae016300bfcfa3fb8425749
  GROW: bd6c557e45db3b27531fd1ecb62d389a45be81f4
  JSONSchema: 52453ed2f570370b5e3ccd1c943afdfa5ea70db5
  nanopb: b552cce312b6c8484180ef47159bc0f65a1f0431
  PromisesObjC: 09985d6d70fbe7878040aa746d78236e6946d2ef
  PromisesSwift: cf9eb58666a43bbe007302226e510b16c1e10959
  SwiftGen: 1366a7f71aeef49954ca5a63ba4bef6b0f24138c

PODFILE CHECKSUM: 1e46576c3803e67cd6447c18c26bc0f1e9d8cce4

COCOAPODS: 1.12.1
